// !$*UTF8*$!
{
	archiveVersion = 1;
	classes = {
	};
	objectVersion = 50;
	objects = {

/* Begin PBXBuildFile section */
		3D19687D21725E3B00E931E4 /* Photos.plist in Resources */ = {isa = PBXBuildFile; fileRef = 3D19687B21725E3A00E931E4 /* Photos.plist */; };
		3D19687E21725E3B00E931E4 /* Photos.plist in Resources */ = {isa = PBXBuildFile; fileRef = 3D19687B21725E3A00E931E4 /* Photos.plist */; };
		3D19687F21725E3B00E931E4 /* Photos.plist in Resources */ = {isa = PBXBuildFile; fileRef = 3D19687B21725E3A00E931E4 /* Photos.plist */; };
		3D19688021725E3B00E931E4 /* Photos.xcassets in Resources */ = {isa = PBXBuildFile; fileRef = 3D19687C21725E3A00E931E4 /* Photos.xcassets */; };
		3D19688121725E3B00E931E4 /* Photos.xcassets in Resources */ = {isa = PBXBuildFile; fileRef = 3D19687C21725E3A00E931E4 /* Photos.xcassets */; };
		3D19688221725E3B00E931E4 /* Photos.xcassets in Resources */ = {isa = PBXBuildFile; fileRef = 3D19687C21725E3A00E931E4 /* Photos.xcassets */; };
		3D19688521725E7200E931E4 /* Photo.swift in Sources */ = {isa = PBXBuildFile; fileRef = 3D19688421725E7200E931E4 /* Photo.swift */; };
		3D19688621725E7200E931E4 /* Photo.swift in Sources */ = {isa = PBXBuildFile; fileRef = 3D19688421725E7200E931E4 /* Photo.swift */; };
		3D19688721725E7200E931E4 /* Photo.swift in Sources */ = {isa = PBXBuildFile; fileRef = 3D19688421725E7200E931E4 /* Photo.swift */; };
		3D19688B21725ED000E931E4 /* AnnotatedPhotoCell.swift in Sources */ = {isa = PBXBuildFile; fileRef = 3D19688A21725ED000E931E4 /* AnnotatedPhotoCell.swift */; };
		3D19688C21725ED000E931E4 /* AnnotatedPhotoCell.swift in Sources */ = {isa = PBXBuildFile; fileRef = 3D19688A21725ED000E931E4 /* AnnotatedPhotoCell.swift */; };
		3D19688D21725ED000E931E4 /* AnnotatedPhotoCell.swift in Sources */ = {isa = PBXBuildFile; fileRef = 3D19688A21725ED000E931E4 /* AnnotatedPhotoCell.swift */; };
		3D19688F21725EEE00E931E4 /* PhotoStreamViewController.swift in Sources */ = {isa = PBXBuildFile; fileRef = 3D19688E21725EEE00E931E4 /* PhotoStreamViewController.swift */; };
		3D19689021725EEE00E931E4 /* PhotoStreamViewController.swift in Sources */ = {isa = PBXBuildFile; fileRef = 3D19688E21725EEE00E931E4 /* PhotoStreamViewController.swift */; };
		3D19689121725EEE00E931E4 /* PhotoStreamViewController.swift in Sources */ = {isa = PBXBuildFile; fileRef = 3D19688E21725EEE00E931E4 /* PhotoStreamViewController.swift */; };
		3D19689321725F4400E931E4 /* Pinterest.storyboard in Resources */ = {isa = PBXBuildFile; fileRef = 3D19689221725F4400E931E4 /* Pinterest.storyboard */; };
		3D19689421725F4400E931E4 /* Pinterest.storyboard in Resources */ = {isa = PBXBuildFile; fileRef = 3D19689221725F4400E931E4 /* Pinterest.storyboard */; };
		3D19689521725F4400E931E4 /* Pinterest.storyboard in Resources */ = {isa = PBXBuildFile; fileRef = 3D19689221725F4400E931E4 /* Pinterest.storyboard */; };
		3D196898217260A800E931E4 /* PinterestFlowLayout.swift in Sources */ = {isa = PBXBuildFile; fileRef = 3D196897217260A800E931E4 /* PinterestFlowLayout.swift */; };
		3D196899217260A800E931E4 /* PinterestFlowLayout.swift in Sources */ = {isa = PBXBuildFile; fileRef = 3D196897217260A800E931E4 /* PinterestFlowLayout.swift */; };
		3D19689A217260A800E931E4 /* PinterestFlowLayout.swift in Sources */ = {isa = PBXBuildFile; fileRef = 3D196897217260A800E931E4 /* PinterestFlowLayout.swift */; };
		3D19689D21734BBA00E931E4 /* StreatchyHeaderViewController.swift in Sources */ = {isa = PBXBuildFile; fileRef = 3D19689C21734BBA00E931E4 /* StreatchyHeaderViewController.swift */; };
		3D19689E21734BBA00E931E4 /* StreatchyHeaderViewController.swift in Sources */ = {isa = PBXBuildFile; fileRef = 3D19689C21734BBA00E931E4 /* StreatchyHeaderViewController.swift */; };
		3D19689F21734BBA00E931E4 /* StreatchyHeaderViewController.swift in Sources */ = {isa = PBXBuildFile; fileRef = 3D19689C21734BBA00E931E4 /* StreatchyHeaderViewController.swift */; };
		3D1968A62173514D00E931E4 /* CollectionViewCell.swift in Sources */ = {isa = PBXBuildFile; fileRef = 3D1968A52173514D00E931E4 /* CollectionViewCell.swift */; };
		3D1968A72173514D00E931E4 /* CollectionViewCell.swift in Sources */ = {isa = PBXBuildFile; fileRef = 3D1968A52173514D00E931E4 /* CollectionViewCell.swift */; };
		3D1968A82173514E00E931E4 /* CollectionViewCell.swift in Sources */ = {isa = PBXBuildFile; fileRef = 3D1968A52173514D00E931E4 /* CollectionViewCell.swift */; };
		3D1968AA2173BB7500E931E4 /* StreatchyHeaderFlowLayout.swift in Sources */ = {isa = PBXBuildFile; fileRef = 3D1968A92173BB7500E931E4 /* StreatchyHeaderFlowLayout.swift */; };
		3D1968AB2173BB7500E931E4 /* StreatchyHeaderFlowLayout.swift in Sources */ = {isa = PBXBuildFile; fileRef = 3D1968A92173BB7500E931E4 /* StreatchyHeaderFlowLayout.swift */; };
		3D1968AC2173BB7500E931E4 /* StreatchyHeaderFlowLayout.swift in Sources */ = {isa = PBXBuildFile; fileRef = 3D1968A92173BB7500E931E4 /* StreatchyHeaderFlowLayout.swift */; };
		3D42B19F2171FAA400985B20 /* AppDelegate.swift in Sources */ = {isa = PBXBuildFile; fileRef = 3D42B19E2171FAA400985B20 /* AppDelegate.swift */; };
		3D42B1A12171FAA400985B20 /* ViewController.swift in Sources */ = {isa = PBXBuildFile; fileRef = 3D42B1A02171FAA400985B20 /* ViewController.swift */; };
		3D42B1A42171FAA400985B20 /* Main.storyboard in Resources */ = {isa = PBXBuildFile; fileRef = 3D42B1A22171FAA400985B20 /* Main.storyboard */; };
		3D42B1A62171FAA600985B20 /* Assets.xcassets in Resources */ = {isa = PBXBuildFile; fileRef = 3D42B1A52171FAA600985B20 /* Assets.xcassets */; };
		3D42B1A92171FAA600985B20 /* LaunchScreen.storyboard in Resources */ = {isa = PBXBuildFile; fileRef = 3D42B1A72171FAA600985B20 /* LaunchScreen.storyboard */; };
		3D42B1B42171FAA600985B20 /* FlowLayoutLearningTests.swift in Sources */ = {isa = PBXBuildFile; fileRef = 3D42B1B32171FAA600985B20 /* FlowLayoutLearningTests.swift */; };
		3D42B1BF2171FAA600985B20 /* FlowLayoutLearningUITests.swift in Sources */ = {isa = PBXBuildFile; fileRef = 3D42B1BE2171FAA600985B20 /* FlowLayoutLearningUITests.swift */; };
		3D7E9CEC2184B02200D446F9 /* StreachyCollectionViewHeader.swift in Sources */ = {isa = PBXBuildFile; fileRef = 3D7E9CEB2184B02100D446F9 /* StreachyCollectionViewHeader.swift */; };
		3D7E9CEE2184B0E500D446F9 /* TabLayoutCollectionViewHeader.swift in Sources */ = {isa = PBXBuildFile; fileRef = 3D7E9CED2184B0E500D446F9 /* TabLayoutCollectionViewHeader.swift */; };
		3D7E9CF12184BB4A00D446F9 /* StreatchyHeaderAttributes.swift in Sources */ = {isa = PBXBuildFile; fileRef = 3D7E9CF02184BB4A00D446F9 /* StreatchyHeaderAttributes.swift */; };
		3D86D8772184E94A00116418 /* HorizontalCollectionViewCell.swift in Sources */ = {isa = PBXBuildFile; fileRef = 3D86D8762184E94A00116418 /* HorizontalCollectionViewCell.swift */; };
		3D86D87A2184EA1B00116418 /* StratchyHeaderView.swift in Sources */ = {isa = PBXBuildFile; fileRef = 3D86D8792184EA1B00116418 /* StratchyHeaderView.swift */; };
		3D86D87C2184EBCE00116418 /* CustomFlowLayoutAttributes.swift in Sources */ = {isa = PBXBuildFile; fileRef = 3D86D87B2184EBCE00116418 /* CustomFlowLayoutAttributes.swift */; };
		3D86D87E2184EC8300116418 /* TabsCustomFlowLayout.swift in Sources */ = {isa = PBXBuildFile; fileRef = 3D86D87D2184EC8300116418 /* TabsCustomFlowLayout.swift */; };
		3D86D8802184FF0500116418 /* TabLayoutViewController.swift in Sources */ = {isa = PBXBuildFile; fileRef = 3D86D87F2184FF0500116418 /* TabLayoutViewController.swift */; };
/* End PBXBuildFile section */

/* Begin PBXContainerItemProxy section */
		3D42B1B02171FAA600985B20 /* PBXContainerItemProxy */ = {
			isa = PBXContainerItemProxy;
			containerPortal = 3D42B1932171FAA400985B20 /* Project object */;
			proxyType = 1;
			remoteGlobalIDString = 3D42B19A2171FAA400985B20;
			remoteInfo = FlowLayoutLearning;
		};
		3D42B1BB2171FAA600985B20 /* PBXContainerItemProxy */ = {
			isa = PBXContainerItemProxy;
			containerPortal = 3D42B1932171FAA400985B20 /* Project object */;
			proxyType = 1;
			remoteGlobalIDString = 3D42B19A2171FAA400985B20;
			remoteInfo = FlowLayoutLearning;
		};
/* End PBXContainerItemProxy section */

/* Begin PBXFileReference section */
		3D19687B21725E3A00E931E4 /* Photos.plist */ = {isa = PBXFileReference; fileEncoding = 4; lastKnownFileType = text.plist.xml; path = Photos.plist; sourceTree = "<group>"; };
		3D19687C21725E3A00E931E4 /* Photos.xcassets */ = {isa = PBXFileReference; lastKnownFileType = folder.assetcatalog; path = Photos.xcassets; sourceTree = "<group>"; };
		3D19688421725E7200E931E4 /* Photo.swift */ = {isa = PBXFileReference; fileEncoding = 4; lastKnownFileType = sourcecode.swift; path = Photo.swift; sourceTree = "<group>"; };
		3D19688A21725ED000E931E4 /* AnnotatedPhotoCell.swift */ = {isa = PBXFileReference; fileEncoding = 4; lastKnownFileType = sourcecode.swift; path = AnnotatedPhotoCell.swift; sourceTree = "<group>"; };
		3D19688E21725EEE00E931E4 /* PhotoStreamViewController.swift */ = {isa = PBXFileReference; fileEncoding = 4; lastKnownFileType = sourcecode.swift; path = PhotoStreamViewController.swift; sourceTree = "<group>"; };
		3D19689221725F4400E931E4 /* Pinterest.storyboard */ = {isa = PBXFileReference; fileEncoding = 4; lastKnownFileType = file.storyboard; path = Pinterest.storyboard; sourceTree = "<group>"; };
		3D196897217260A800E931E4 /* PinterestFlowLayout.swift */ = {isa = PBXFileReference; lastKnownFileType = sourcecode.swift; path = PinterestFlowLayout.swift; sourceTree = "<group>"; };
		3D19689C21734BBA00E931E4 /* StreatchyHeaderViewController.swift */ = {isa = PBXFileReference; lastKnownFileType = sourcecode.swift; path = StreatchyHeaderViewController.swift; sourceTree = "<group>"; };
		3D1968A52173514D00E931E4 /* CollectionViewCell.swift */ = {isa = PBXFileReference; fileEncoding = 4; lastKnownFileType = sourcecode.swift; path = CollectionViewCell.swift; sourceTree = "<group>"; };
		3D1968A92173BB7500E931E4 /* StreatchyHeaderFlowLayout.swift */ = {isa = PBXFileReference; lastKnownFileType = sourcecode.swift; path = StreatchyHeaderFlowLayout.swift; sourceTree = "<group>"; };
		3D42B19B2171FAA400985B20 /* FlowLayoutLearning.app */ = {isa = PBXFileReference; explicitFileType = wrapper.application; includeInIndex = 0; path = FlowLayoutLearning.app; sourceTree = BUILT_PRODUCTS_DIR; };
		3D42B19E2171FAA400985B20 /* AppDelegate.swift */ = {isa = PBXFileReference; lastKnownFileType = sourcecode.swift; path = AppDelegate.swift; sourceTree = "<group>"; };
		3D42B1A02171FAA400985B20 /* ViewController.swift */ = {isa = PBXFileReference; lastKnownFileType = sourcecode.swift; path = ViewController.swift; sourceTree = "<group>"; };
		3D42B1A32171FAA400985B20 /* Base */ = {isa = PBXFileReference; lastKnownFileType = file.storyboard; name = Base; path = Base.lproj/Main.storyboard; sourceTree = "<group>"; };
		3D42B1A52171FAA600985B20 /* Assets.xcassets */ = {isa = PBXFileReference; lastKnownFileType = folder.assetcatalog; path = Assets.xcassets; sourceTree = "<group>"; };
		3D42B1A82171FAA600985B20 /* Base */ = {isa = PBXFileReference; lastKnownFileType = file.storyboard; name = Base; path = Base.lproj/LaunchScreen.storyboard; sourceTree = "<group>"; };
		3D42B1AA2171FAA600985B20 /* Info.plist */ = {isa = PBXFileReference; lastKnownFileType = text.plist.xml; path = Info.plist; sourceTree = "<group>"; };
		3D42B1AF2171FAA600985B20 /* FlowLayoutLearningTests.xctest */ = {isa = PBXFileReference; explicitFileType = wrapper.cfbundle; includeInIndex = 0; path = FlowLayoutLearningTests.xctest; sourceTree = BUILT_PRODUCTS_DIR; };
		3D42B1B32171FAA600985B20 /* FlowLayoutLearningTests.swift */ = {isa = PBXFileReference; lastKnownFileType = sourcecode.swift; path = FlowLayoutLearningTests.swift; sourceTree = "<group>"; };
		3D42B1B52171FAA600985B20 /* Info.plist */ = {isa = PBXFileReference; lastKnownFileType = text.plist.xml; path = Info.plist; sourceTree = "<group>"; };
		3D42B1BA2171FAA600985B20 /* FlowLayoutLearningUITests.xctest */ = {isa = PBXFileReference; explicitFileType = wrapper.cfbundle; includeInIndex = 0; path = FlowLayoutLearningUITests.xctest; sourceTree = BUILT_PRODUCTS_DIR; };
		3D42B1BE2171FAA600985B20 /* FlowLayoutLearningUITests.swift */ = {isa = PBXFileReference; lastKnownFileType = sourcecode.swift; path = FlowLayoutLearningUITests.swift; sourceTree = "<group>"; };
		3D42B1C02171FAA600985B20 /* Info.plist */ = {isa = PBXFileReference; lastKnownFileType = text.plist.xml; path = Info.plist; sourceTree = "<group>"; };
		3D7E9CEB2184B02100D446F9 /* StreachyCollectionViewHeader.swift */ = {isa = PBXFileReference; fileEncoding = 4; lastKnownFileType = sourcecode.swift; path = StreachyCollectionViewHeader.swift; sourceTree = "<group>"; };
		3D7E9CED2184B0E500D446F9 /* TabLayoutCollectionViewHeader.swift */ = {isa = PBXFileReference; fileEncoding = 4; lastKnownFileType = sourcecode.swift; path = TabLayoutCollectionViewHeader.swift; sourceTree = "<group>"; };
		3D7E9CF02184BB4A00D446F9 /* StreatchyHeaderAttributes.swift */ = {isa = PBXFileReference; lastKnownFileType = sourcecode.swift; path = StreatchyHeaderAttributes.swift; sourceTree = "<group>"; };
		3D86D8762184E94A00116418 /* HorizontalCollectionViewCell.swift */ = {isa = PBXFileReference; lastKnownFileType = sourcecode.swift; path = HorizontalCollectionViewCell.swift; sourceTree = "<group>"; };
		3D86D8792184EA1B00116418 /* StratchyHeaderView.swift */ = {isa = PBXFileReference; lastKnownFileType = sourcecode.swift; path = StratchyHeaderView.swift; sourceTree = "<group>"; };
		3D86D87B2184EBCE00116418 /* CustomFlowLayoutAttributes.swift */ = {isa = PBXFileReference; lastKnownFileType = sourcecode.swift; path = CustomFlowLayoutAttributes.swift; sourceTree = "<group>"; };
		3D86D87D2184EC8300116418 /* TabsCustomFlowLayout.swift */ = {isa = PBXFileReference; lastKnownFileType = sourcecode.swift; path = TabsCustomFlowLayout.swift; sourceTree = "<group>"; };
		3D86D87F2184FF0500116418 /* TabLayoutViewController.swift */ = {isa = PBXFileReference; fileEncoding = 4; lastKnownFileType = sourcecode.swift; path = TabLayoutViewController.swift; sourceTree = "<group>"; };
/* End PBXFileReference section */

/* Begin PBXFrameworksBuildPhase section */
		3D42B1982171FAA400985B20 /* Frameworks */ = {
			isa = PBXFrameworksBuildPhase;
			buildActionMask = 2147483647;
			files = (
			);
			runOnlyForDeploymentPostprocessing = 0;
		};
		3D42B1AC2171FAA600985B20 /* Frameworks */ = {
			isa = PBXFrameworksBuildPhase;
			buildActionMask = 2147483647;
			files = (
			);
			runOnlyForDeploymentPostprocessing = 0;
		};
		3D42B1B72171FAA600985B20 /* Frameworks */ = {
			isa = PBXFrameworksBuildPhase;
			buildActionMask = 2147483647;
			files = (
			);
			runOnlyForDeploymentPostprocessing = 0;
		};
/* End PBXFrameworksBuildPhase section */

/* Begin PBXGroup section */
		3D19687A21725E2400E931E4 /* Assets */ = {
			isa = PBXGroup;
			children = (
				3D42B1A52171FAA600985B20 /* Assets.xcassets */,
				3D19687B21725E3A00E931E4 /* Photos.plist */,
				3D19687C21725E3A00E931E4 /* Photos.xcassets */,
			);
			path = Assets;
			sourceTree = "<group>";
		};
		3D19688321725E7200E931E4 /* Models */ = {
			isa = PBXGroup;
			children = (
				3D19688421725E7200E931E4 /* Photo.swift */,
			);
			path = Models;
			sourceTree = SOURCE_ROOT;
		};
		3D19688821725E8D00E931E4 /* Examples */ = {
			isa = PBXGroup;
			children = (
				3D86D8742184E8AA00116418 /* TablLayoutAndHeader */,
				3D19689B21733FDC00E931E4 /* StreatchyHeader */,
				3D19688921725E9E00E931E4 /* Pinterest */,
			);
			path = Examples;
			sourceTree = "<group>";
		};
		3D19688921725E9E00E931E4 /* Pinterest */ = {
			isa = PBXGroup;
			children = (
				3D1968962172609100E931E4 /* Layout */,
				3D19688A21725ED000E931E4 /* AnnotatedPhotoCell.swift */,
				3D19688E21725EEE00E931E4 /* PhotoStreamViewController.swift */,
				3D19689221725F4400E931E4 /* Pinterest.storyboard */,
			);
			path = Pinterest;
			sourceTree = "<group>";
		};
		3D1968962172609100E931E4 /* Layout */ = {
			isa = PBXGroup;
			children = (
				3D196897217260A800E931E4 /* PinterestFlowLayout.swift */,
			);
			path = Layout;
			sourceTree = "<group>";
		};
		3D19689B21733FDC00E931E4 /* StreatchyHeader */ = {
			isa = PBXGroup;
			children = (
				3D7E9CEF2184B18100D446F9 /* Cells */,
				3D7E9CEA2184AFE400D446F9 /* Headers */,
				3D1968A021734BE100E931E4 /* Layout */,
				3D19689C21734BBA00E931E4 /* StreatchyHeaderViewController.swift */,
			);
			path = StreatchyHeader;
			sourceTree = "<group>";
		};
		3D1968A021734BE100E931E4 /* Layout */ = {
			isa = PBXGroup;
			children = (
				3D1968A92173BB7500E931E4 /* StreatchyHeaderFlowLayout.swift */,
				3D7E9CF02184BB4A00D446F9 /* StreatchyHeaderAttributes.swift */,
			);
			path = Layout;
			sourceTree = "<group>";
		};
		3D42B1922171FAA400985B20 = {
			isa = PBXGroup;
			children = (
				3D42B19D2171FAA400985B20 /* FlowLayoutLearning */,
				3D42B1B22171FAA600985B20 /* FlowLayoutLearningTests */,
				3D42B1BD2171FAA600985B20 /* FlowLayoutLearningUITests */,
				3D42B19C2171FAA400985B20 /* Products */,
			);
			sourceTree = "<group>";
		};
		3D42B19C2171FAA400985B20 /* Products */ = {
			isa = PBXGroup;
			children = (
				3D42B19B2171FAA400985B20 /* FlowLayoutLearning.app */,
				3D42B1AF2171FAA600985B20 /* FlowLayoutLearningTests.xctest */,
				3D42B1BA2171FAA600985B20 /* FlowLayoutLearningUITests.xctest */,
			);
			name = Products;
			sourceTree = "<group>";
		};
		3D42B19D2171FAA400985B20 /* FlowLayoutLearning */ = {
			isa = PBXGroup;
			children = (
				3D19688821725E8D00E931E4 /* Examples */,
				3D19688321725E7200E931E4 /* Models */,
				3D19687A21725E2400E931E4 /* Assets */,
				3D42B19E2171FAA400985B20 /* AppDelegate.swift */,
				3D42B1A02171FAA400985B20 /* ViewController.swift */,
				3D42B1A22171FAA400985B20 /* Main.storyboard */,
				3D42B1A72171FAA600985B20 /* LaunchScreen.storyboard */,
				3D42B1AA2171FAA600985B20 /* Info.plist */,
			);
			path = FlowLayoutLearning;
			sourceTree = "<group>";
		};
		3D42B1B22171FAA600985B20 /* FlowLayoutLearningTests */ = {
			isa = PBXGroup;
			children = (
				3D42B1B32171FAA600985B20 /* FlowLayoutLearningTests.swift */,
				3D42B1B52171FAA600985B20 /* Info.plist */,
			);
			path = FlowLayoutLearningTests;
			sourceTree = "<group>";
		};
		3D42B1BD2171FAA600985B20 /* FlowLayoutLearningUITests */ = {
			isa = PBXGroup;
			children = (
				3D42B1BE2171FAA600985B20 /* FlowLayoutLearningUITests.swift */,
				3D42B1C02171FAA600985B20 /* Info.plist */,
			);
			path = FlowLayoutLearningUITests;
			sourceTree = "<group>";
		};
		3D7E9CEA2184AFE400D446F9 /* Headers */ = {
			isa = PBXGroup;
			children = (
				3D7E9CED2184B0E500D446F9 /* TabLayoutCollectionViewHeader.swift */,
				3D7E9CEB2184B02100D446F9 /* StreachyCollectionViewHeader.swift */,
			);
			path = Headers;
			sourceTree = "<group>";
		};
		3D7E9CEF2184B18100D446F9 /* Cells */ = {
			isa = PBXGroup;
			children = (
				3D1968A52173514D00E931E4 /* CollectionViewCell.swift */,
			);
			path = Cells;
			sourceTree = "<group>";
		};
		3D86D8742184E8AA00116418 /* TablLayoutAndHeader */ = {
			isa = PBXGroup;
			children = (
				3D86D8782184E9D600116418 /* ReusableVIews */,
				3D86D8752184E8E400116418 /* Cells */,
				3D86D87B2184EBCE00116418 /* CustomFlowLayoutAttributes.swift */,
				3D86D87D2184EC8300116418 /* TabsCustomFlowLayout.swift */,
				3D86D87F2184FF0500116418 /* TabLayoutViewController.swift */,
			);
			path = TablLayoutAndHeader;
			sourceTree = "<group>";
		};
		3D86D8752184E8E400116418 /* Cells */ = {
			isa = PBXGroup;
			children = (
				3D86D8762184E94A00116418 /* HorizontalCollectionViewCell.swift */,
			);
			path = Cells;
			sourceTree = "<group>";
		};
		3D86D8782184E9D600116418 /* ReusableVIews */ = {
			isa = PBXGroup;
			children = (
				3D86D8792184EA1B00116418 /* StratchyHeaderView.swift */,
			);
			path = ReusableVIews;
			sourceTree = "<group>";
		};
/* End PBXGroup section */

/* Begin PBXNativeTarget section */
		3D42B19A2171FAA400985B20 /* FlowLayoutLearning */ = {
			isa = PBXNativeTarget;
			buildConfigurationList = 3D42B1C32171FAA600985B20 /* Build configuration list for PBXNativeTarget "FlowLayoutLearning" */;
			buildPhases = (
				3D42B1972171FAA400985B20 /* Sources */,
				3D42B1982171FAA400985B20 /* Frameworks */,
				3D42B1992171FAA400985B20 /* Resources */,
			);
			buildRules = (
			);
			dependencies = (
			);
			name = FlowLayoutLearning;
			productName = FlowLayoutLearning;
			productReference = 3D42B19B2171FAA400985B20 /* FlowLayoutLearning.app */;
			productType = "com.apple.product-type.application";
		};
		3D42B1AE2171FAA600985B20 /* FlowLayoutLearningTests */ = {
			isa = PBXNativeTarget;
			buildConfigurationList = 3D42B1C62171FAA600985B20 /* Build configuration list for PBXNativeTarget "FlowLayoutLearningTests" */;
			buildPhases = (
				3D42B1AB2171FAA600985B20 /* Sources */,
				3D42B1AC2171FAA600985B20 /* Frameworks */,
				3D42B1AD2171FAA600985B20 /* Resources */,
			);
			buildRules = (
			);
			dependencies = (
				3D42B1B12171FAA600985B20 /* PBXTargetDependency */,
			);
			name = FlowLayoutLearningTests;
			productName = FlowLayoutLearningTests;
			productReference = 3D42B1AF2171FAA600985B20 /* FlowLayoutLearningTests.xctest */;
			productType = "com.apple.product-type.bundle.unit-test";
		};
		3D42B1B92171FAA600985B20 /* FlowLayoutLearningUITests */ = {
			isa = PBXNativeTarget;
			buildConfigurationList = 3D42B1C92171FAA600985B20 /* Build configuration list for PBXNativeTarget "FlowLayoutLearningUITests" */;
			buildPhases = (
				3D42B1B62171FAA600985B20 /* Sources */,
				3D42B1B72171FAA600985B20 /* Frameworks */,
				3D42B1B82171FAA600985B20 /* Resources */,
			);
			buildRules = (
			);
			dependencies = (
				3D42B1BC2171FAA600985B20 /* PBXTargetDependency */,
			);
			name = FlowLayoutLearningUITests;
			productName = FlowLayoutLearningUITests;
			productReference = 3D42B1BA2171FAA600985B20 /* FlowLayoutLearningUITests.xctest */;
			productType = "com.apple.product-type.bundle.ui-testing";
		};
/* End PBXNativeTarget section */

/* Begin PBXProject section */
		3D42B1932171FAA400985B20 /* Project object */ = {
			isa = PBXProject;
			attributes = {
				LastSwiftUpdateCheck = 1000;
				LastUpgradeCheck = 1000;
				ORGANIZATIONNAME = "Damian Włodarczyk";
				TargetAttributes = {
					3D42B19A2171FAA400985B20 = {
						CreatedOnToolsVersion = 10.0;
					};
					3D42B1AE2171FAA600985B20 = {
						CreatedOnToolsVersion = 10.0;
						TestTargetID = 3D42B19A2171FAA400985B20;
					};
					3D42B1B92171FAA600985B20 = {
						CreatedOnToolsVersion = 10.0;
						TestTargetID = 3D42B19A2171FAA400985B20;
					};
				};
			};
			buildConfigurationList = 3D42B1962171FAA400985B20 /* Build configuration list for PBXProject "FlowLayoutLearning" */;
			compatibilityVersion = "Xcode 9.3";
			developmentRegion = en;
			hasScannedForEncodings = 0;
			knownRegions = (
				en,
				Base,
			);
			mainGroup = 3D42B1922171FAA400985B20;
			productRefGroup = 3D42B19C2171FAA400985B20 /* Products */;
			projectDirPath = "";
			projectRoot = "";
			targets = (
				3D42B19A2171FAA400985B20 /* FlowLayoutLearning */,
				3D42B1AE2171FAA600985B20 /* FlowLayoutLearningTests */,
				3D42B1B92171FAA600985B20 /* FlowLayoutLearningUITests */,
			);
		};
/* End PBXProject section */

/* Begin PBXResourcesBuildPhase section */
		3D42B1992171FAA400985B20 /* Resources */ = {
			isa = PBXResourcesBuildPhase;
			buildActionMask = 2147483647;
			files = (
				3D42B1A92171FAA600985B20 /* LaunchScreen.storyboard in Resources */,
				3D42B1A62171FAA600985B20 /* Assets.xcassets in Resources */,
				3D42B1A42171FAA400985B20 /* Main.storyboard in Resources */,
				3D19689321725F4400E931E4 /* Pinterest.storyboard in Resources */,
				3D19688021725E3B00E931E4 /* Photos.xcassets in Resources */,
				3D19687D21725E3B00E931E4 /* Photos.plist in Resources */,
			);
			runOnlyForDeploymentPostprocessing = 0;
		};
		3D42B1AD2171FAA600985B20 /* Resources */ = {
			isa = PBXResourcesBuildPhase;
			buildActionMask = 2147483647;
			files = (
				3D19689421725F4400E931E4 /* Pinterest.storyboard in Resources */,
				3D19688121725E3B00E931E4 /* Photos.xcassets in Resources */,
				3D19687E21725E3B00E931E4 /* Photos.plist in Resources */,
			);
			runOnlyForDeploymentPostprocessing = 0;
		};
		3D42B1B82171FAA600985B20 /* Resources */ = {
			isa = PBXResourcesBuildPhase;
			buildActionMask = 2147483647;
			files = (
				3D19689521725F4400E931E4 /* Pinterest.storyboard in Resources */,
				3D19688221725E3B00E931E4 /* Photos.xcassets in Resources */,
				3D19687F21725E3B00E931E4 /* Photos.plist in Resources */,
			);
			runOnlyForDeploymentPostprocessing = 0;
		};
/* End PBXResourcesBuildPhase section */

/* Begin PBXSourcesBuildPhase section */
		3D42B1972171FAA400985B20 /* Sources */ = {
			isa = PBXSourcesBuildPhase;
			buildActionMask = 2147483647;
			files = (
				3D86D87E2184EC8300116418 /* TabsCustomFlowLayout.swift in Sources */,
				3D86D87C2184EBCE00116418 /* CustomFlowLayoutAttributes.swift in Sources */,
				3D196898217260A800E931E4 /* PinterestFlowLayout.swift in Sources */,
				3D19688521725E7200E931E4 /* Photo.swift in Sources */,
				3D1968A62173514D00E931E4 /* CollectionViewCell.swift in Sources */,
				3D42B1A12171FAA400985B20 /* ViewController.swift in Sources */,
				3D86D8802184FF0500116418 /* TabLayoutViewController.swift in Sources */,
				3D7E9CEE2184B0E500D446F9 /* TabLayoutCollectionViewHeader.swift in Sources */,
				3D7E9CEC2184B02200D446F9 /* StreachyCollectionViewHeader.swift in Sources */,
				3D19688F21725EEE00E931E4 /* PhotoStreamViewController.swift in Sources */,
				3D86D87A2184EA1B00116418 /* StratchyHeaderView.swift in Sources */,
				3D42B19F2171FAA400985B20 /* AppDelegate.swift in Sources */,
				3D19688B21725ED000E931E4 /* AnnotatedPhotoCell.swift in Sources */,
				3D7E9CF12184BB4A00D446F9 /* StreatchyHeaderAttributes.swift in Sources */,
				3D86D8772184E94A00116418 /* HorizontalCollectionViewCell.swift in Sources */,
				3D1968AA2173BB7500E931E4 /* StreatchyHeaderFlowLayout.swift in Sources */,
				3D19689D21734BBA00E931E4 /* StreatchyHeaderViewController.swift in Sources */,
			);
			runOnlyForDeploymentPostprocessing = 0;
		};
		3D42B1AB2171FAA600985B20 /* Sources */ = {
			isa = PBXSourcesBuildPhase;
			buildActionMask = 2147483647;
			files = (
				3D19688621725E7200E931E4 /* Photo.swift in Sources */,
				3D1968A72173514D00E931E4 /* CollectionViewCell.swift in Sources */,
				3D19689E21734BBA00E931E4 /* StreatchyHeaderViewController.swift in Sources */,
				3D196899217260A800E931E4 /* PinterestFlowLayout.swift in Sources */,
				3D19688C21725ED000E931E4 /* AnnotatedPhotoCell.swift in Sources */,
				3D42B1B42171FAA600985B20 /* FlowLayoutLearningTests.swift in Sources */,
				3D19689021725EEE00E931E4 /* PhotoStreamViewController.swift in Sources */,
				3D1968AB2173BB7500E931E4 /* StreatchyHeaderFlowLayout.swift in Sources */,
			);
			runOnlyForDeploymentPostprocessing = 0;
		};
		3D42B1B62171FAA600985B20 /* Sources */ = {
			isa = PBXSourcesBuildPhase;
			buildActionMask = 2147483647;
			files = (
				3D19688721725E7200E931E4 /* Photo.swift in Sources */,
				3D1968A82173514E00E931E4 /* CollectionViewCell.swift in Sources */,
				3D19689F21734BBA00E931E4 /* StreatchyHeaderViewController.swift in Sources */,
				3D19689A217260A800E931E4 /* PinterestFlowLayout.swift in Sources */,
				3D19688D21725ED000E931E4 /* AnnotatedPhotoCell.swift in Sources */,
				3D42B1BF2171FAA600985B20 /* FlowLayoutLearningUITests.swift in Sources */,
				3D19689121725EEE00E931E4 /* PhotoStreamViewController.swift in Sources */,
				3D1968AC2173BB7500E931E4 /* StreatchyHeaderFlowLayout.swift in Sources */,
			);
			runOnlyForDeploymentPostprocessing = 0;
		};
/* End PBXSourcesBuildPhase section */

/* Begin PBXTargetDependency section */
		3D42B1B12171FAA600985B20 /* PBXTargetDependency */ = {
			isa = PBXTargetDependency;
			target = 3D42B19A2171FAA400985B20 /* FlowLayoutLearning */;
			targetProxy = 3D42B1B02171FAA600985B20 /* PBXContainerItemProxy */;
		};
		3D42B1BC2171FAA600985B20 /* PBXTargetDependency */ = {
			isa = PBXTargetDependency;
			target = 3D42B19A2171FAA400985B20 /* FlowLayoutLearning */;
			targetProxy = 3D42B1BB2171FAA600985B20 /* PBXContainerItemProxy */;
		};
/* End PBXTargetDependency section */

/* Begin PBXVariantGroup section */
		3D42B1A22171FAA400985B20 /* Main.storyboard */ = {
			isa = PBXVariantGroup;
			children = (
				3D42B1A32171FAA400985B20 /* Base */,
			);
			name = Main.storyboard;
			sourceTree = "<group>";
		};
		3D42B1A72171FAA600985B20 /* LaunchScreen.storyboard */ = {
			isa = PBXVariantGroup;
			children = (
				3D42B1A82171FAA600985B20 /* Base */,
			);
			name = LaunchScreen.storyboard;
			sourceTree = "<group>";
		};
/* End PBXVariantGroup section */

/* Begin XCBuildConfiguration section */
		3D42B1C12171FAA600985B20 /* Debug */ = {
			isa = XCBuildConfiguration;
			buildSettings = {
				ALWAYS_SEARCH_USER_PATHS = NO;
				CLANG_ANALYZER_NONNULL = YES;
				CLANG_ANALYZER_NUMBER_OBJECT_CONVERSION = YES_AGGRESSIVE;
				CLANG_CXX_LANGUAGE_STANDARD = "gnu++14";
				CLANG_CXX_LIBRARY = "libc++";
				CLANG_ENABLE_MODULES = YES;
				CLANG_ENABLE_OBJC_ARC = YES;
				CLANG_ENABLE_OBJC_WEAK = YES;
				CLANG_WARN_BLOCK_CAPTURE_AUTORELEASING = YES;
				CLANG_WARN_BOOL_CONVERSION = YES;
				CLANG_WARN_COMMA = YES;
				CLANG_WARN_CONSTANT_CONVERSION = YES;
				CLANG_WARN_DEPRECATED_OBJC_IMPLEMENTATIONS = YES;
				CLANG_WARN_DIRECT_OBJC_ISA_USAGE = YES_ERROR;
				CLANG_WARN_DOCUMENTATION_COMMENTS = YES;
				CLANG_WARN_EMPTY_BODY = YES;
				CLANG_WARN_ENUM_CONVERSION = YES;
				CLANG_WARN_INFINITE_RECURSION = YES;
				CLANG_WARN_INT_CONVERSION = YES;
				CLANG_WARN_NON_LITERAL_NULL_CONVERSION = YES;
				CLANG_WARN_OBJC_IMPLICIT_RETAIN_SELF = YES;
				CLANG_WARN_OBJC_LITERAL_CONVERSION = YES;
				CLANG_WARN_OBJC_ROOT_CLASS = YES_ERROR;
				CLANG_WARN_RANGE_LOOP_ANALYSIS = YES;
				CLANG_WARN_STRICT_PROTOTYPES = YES;
				CLANG_WARN_SUSPICIOUS_MOVE = YES;
				CLANG_WARN_UNGUARDED_AVAILABILITY = YES_AGGRESSIVE;
				CLANG_WARN_UNREACHABLE_CODE = YES;
				CLANG_WARN__DUPLICATE_METHOD_MATCH = YES;
				CODE_SIGN_IDENTITY = "iPhone Developer";
				COPY_PHASE_STRIP = NO;
				DEBUG_INFORMATION_FORMAT = dwarf;
				ENABLE_STRICT_OBJC_MSGSEND = YES;
				ENABLE_TESTABILITY = YES;
				GCC_C_LANGUAGE_STANDARD = gnu11;
				GCC_DYNAMIC_NO_PIC = NO;
				GCC_NO_COMMON_BLOCKS = YES;
				GCC_OPTIMIZATION_LEVEL = 0;
				GCC_PREPROCESSOR_DEFINITIONS = (
					"DEBUG=1",
					"$(inherited)",
				);
				GCC_WARN_64_TO_32_BIT_CONVERSION = YES;
				GCC_WARN_ABOUT_RETURN_TYPE = YES_ERROR;
				GCC_WARN_UNDECLARED_SELECTOR = YES;
				GCC_WARN_UNINITIALIZED_AUTOS = YES_AGGRESSIVE;
				GCC_WARN_UNUSED_FUNCTION = YES;
				GCC_WARN_UNUSED_VARIABLE = YES;
				IPHONEOS_DEPLOYMENT_TARGET = 12.0;
				MTL_ENABLE_DEBUG_INFO = INCLUDE_SOURCE;
				MTL_FAST_MATH = YES;
				ONLY_ACTIVE_ARCH = YES;
				SDKROOT = iphoneos;
				SWIFT_ACTIVE_COMPILATION_CONDITIONS = DEBUG;
				SWIFT_OPTIMIZATION_LEVEL = "-Onone";
			};
			name = Debug;
		};
		3D42B1C22171FAA600985B20 /* Release */ = {
			isa = XCBuildConfiguration;
			buildSettings = {
				ALWAYS_SEARCH_USER_PATHS = NO;
				CLANG_ANALYZER_NONNULL = YES;
				CLANG_ANALYZER_NUMBER_OBJECT_CONVERSION = YES_AGGRESSIVE;
				CLANG_CXX_LANGUAGE_STANDARD = "gnu++14";
				CLANG_CXX_LIBRARY = "libc++";
				CLANG_ENABLE_MODULES = YES;
				CLANG_ENABLE_OBJC_ARC = YES;
				CLANG_ENABLE_OBJC_WEAK = YES;
				CLANG_WARN_BLOCK_CAPTURE_AUTORELEASING = YES;
				CLANG_WARN_BOOL_CONVERSION = YES;
				CLANG_WARN_COMMA = YES;
				CLANG_WARN_CONSTANT_CONVERSION = YES;
				CLANG_WARN_DEPRECATED_OBJC_IMPLEMENTATIONS = YES;
				CLANG_WARN_DIRECT_OBJC_ISA_USAGE = YES_ERROR;
				CLANG_WARN_DOCUMENTATION_COMMENTS = YES;
				CLANG_WARN_EMPTY_BODY = YES;
				CLANG_WARN_ENUM_CONVERSION = YES;
				CLANG_WARN_INFINITE_RECURSION = YES;
				CLANG_WARN_INT_CONVERSION = YES;
				CLANG_WARN_NON_LITERAL_NULL_CONVERSION = YES;
				CLANG_WARN_OBJC_IMPLICIT_RETAIN_SELF = YES;
				CLANG_WARN_OBJC_LITERAL_CONVERSION = YES;
				CLANG_WARN_OBJC_ROOT_CLASS = YES_ERROR;
				CLANG_WARN_RANGE_LOOP_ANALYSIS = YES;
				CLANG_WARN_STRICT_PROTOTYPES = YES;
				CLANG_WARN_SUSPICIOUS_MOVE = YES;
				CLANG_WARN_UNGUARDED_AVAILABILITY = YES_AGGRESSIVE;
				CLANG_WARN_UNREACHABLE_CODE = YES;
				CLANG_WARN__DUPLICATE_METHOD_MATCH = YES;
				CODE_SIGN_IDENTITY = "iPhone Developer";
				COPY_PHASE_STRIP = NO;
				DEBUG_INFORMATION_FORMAT = "dwarf-with-dsym";
				ENABLE_NS_ASSERTIONS = NO;
				ENABLE_STRICT_OBJC_MSGSEND = YES;
				GCC_C_LANGUAGE_STANDARD = gnu11;
				GCC_NO_COMMON_BLOCKS = YES;
				GCC_WARN_64_TO_32_BIT_CONVERSION = YES;
				GCC_WARN_ABOUT_RETURN_TYPE = YES_ERROR;
				GCC_WARN_UNDECLARED_SELECTOR = YES;
				GCC_WARN_UNINITIALIZED_AUTOS = YES_AGGRESSIVE;
				GCC_WARN_UNUSED_FUNCTION = YES;
				GCC_WARN_UNUSED_VARIABLE = YES;
				IPHONEOS_DEPLOYMENT_TARGET = 12.0;
				MTL_ENABLE_DEBUG_INFO = NO;
				MTL_FAST_MATH = YES;
				SDKROOT = iphoneos;
				SWIFT_COMPILATION_MODE = wholemodule;
				SWIFT_OPTIMIZATION_LEVEL = "-O";
				VALIDATE_PRODUCT = YES;
			};
			name = Release;
		};
		3D42B1C42171FAA600985B20 /* Debug */ = {
			isa = XCBuildConfiguration;
			buildSettings = {
				ASSETCATALOG_COMPILER_APPICON_NAME = AppIcon;
				CODE_SIGN_STYLE = Manual;
				DEVELOPMENT_TEAM = 24H6N4C77D;
				INFOPLIST_FILE = FlowLayoutLearning/Info.plist;
				LD_RUNPATH_SEARCH_PATHS = (
					"$(inherited)",
					"@executable_path/Frameworks",
				);
				PRODUCT_BUNDLE_IDENTIFIER = damian.wlodarczyk.FlowLayoutLearning;
				PRODUCT_NAME = "$(TARGET_NAME)";
				PROVISIONING_PROFILE_SPECIFIER = "KISS Development";
				SWIFT_VERSION = 4.2;
				TARGETED_DEVICE_FAMILY = "1,2";
			};
			name = Debug;
		};
		3D42B1C52171FAA600985B20 /* Release */ = {
			isa = XCBuildConfiguration;
			buildSettings = {
				ASSETCATALOG_COMPILER_APPICON_NAME = AppIcon;
				CODE_SIGN_STYLE = Manual;
				DEVELOPMENT_TEAM = "";
				INFOPLIST_FILE = FlowLayoutLearning/Info.plist;
				LD_RUNPATH_SEARCH_PATHS = (
					"$(inherited)",
					"@executable_path/Frameworks",
				);
				PRODUCT_BUNDLE_IDENTIFIER = damian.wlodarczyk.FlowLayoutLearning;
				PRODUCT_NAME = "$(TARGET_NAME)";
				PROVISIONING_PROFILE_SPECIFIER = "";
				SWIFT_VERSION = 4.2;
				TARGETED_DEVICE_FAMILY = "1,2";
			};
			name = Release;
		};
		3D42B1C72171FAA600985B20 /* Debug */ = {
			isa = XCBuildConfiguration;
			buildSettings = {
				ALWAYS_EMBED_SWIFT_STANDARD_LIBRARIES = YES;
				BUNDLE_LOADER = "$(TEST_HOST)";
				CODE_SIGN_STYLE = Automatic;
				DEVELOPMENT_TEAM = Q7876YM2PP;
				INFOPLIST_FILE = FlowLayoutLearningTests/Info.plist;
				LD_RUNPATH_SEARCH_PATHS = (
					"$(inherited)",
					"@executable_path/Frameworks",
					"@loader_path/Frameworks",
				);
				PRODUCT_BUNDLE_IDENTIFIER = damian.wlodarczyk.FlowLayoutLearningTests;
				PRODUCT_NAME = "$(TARGET_NAME)";
				SWIFT_VERSION = 4.2;
				TARGETED_DEVICE_FAMILY = "1,2";
				TEST_HOST = "$(BUILT_PRODUCTS_DIR)/FlowLayoutLearning.app/FlowLayoutLearning";
			};
			name = Debug;
		};
		3D42B1C82171FAA600985B20 /* Release */ = {
			isa = XCBuildConfiguration;
			buildSettings = {
				ALWAYS_EMBED_SWIFT_STANDARD_LIBRARIES = YES;
				BUNDLE_LOADER = "$(TEST_HOST)";
				CODE_SIGN_STYLE = Automatic;
				DEVELOPMENT_TEAM = Q7876YM2PP;
				INFOPLIST_FILE = FlowLayoutLearningTests/Info.plist;
				LD_RUNPATH_SEARCH_PATHS = (
					"$(inherited)",
					"@executable_path/Frameworks",
					"@loader_path/Frameworks",
				);
				PRODUCT_BUNDLE_IDENTIFIER = damian.wlodarczyk.FlowLayoutLearningTests;
				PRODUCT_NAME = "$(TARGET_NAME)";
				SWIFT_VERSION = 4.2;
				TARGETED_DEVICE_FAMILY = "1,2";
				TEST_HOST = "$(BUILT_PRODUCTS_DIR)/FlowLayoutLearning.app/FlowLayoutLearning";
			};
			name = Release;
		};
		3D42B1CA2171FAA600985B20 /* Debug */ = {
			isa = XCBuildConfiguration;
			buildSettings = {
				ALWAYS_EMBED_SWIFT_STANDARD_LIBRARIES = YES;
				CODE_SIGN_STYLE = Automatic;
				DEVELOPMENT_TEAM = Q7876YM2PP;
				INFOPLIST_FILE = FlowLayoutLearningUITests/Info.plist;
				LD_RUNPATH_SEARCH_PATHS = (
					"$(inherited)",
					"@executable_path/Frameworks",
					"@loader_path/Frameworks",
				);
				PRODUCT_BUNDLE_IDENTIFIER = damian.wlodarczyk.FlowLayoutLearningUITests;
				PRODUCT_NAME = "$(TARGET_NAME)";
				SWIFT_VERSION = 4.2;
				TARGETED_DEVICE_FAMILY = "1,2";
				TEST_TARGET_NAME = FlowLayoutLearning;
			};
			name = Debug;
		};
		3D42B1CB2171FAA600985B20 /* Release */ = {
			isa = XCBuildConfiguration;
			buildSettings = {
				ALWAYS_EMBED_SWIFT_STANDARD_LIBRARIES = YES;
				CODE_SIGN_STYLE = Automatic;
				DEVELOPMENT_TEAM = Q7876YM2PP;
				INFOPLIST_FILE = FlowLayoutLearningUITests/Info.plist;
				LD_RUNPATH_SEARCH_PATHS = (
					"$(inherited)",
					"@executable_path/Frameworks",
					"@loader_path/Frameworks",
				);
				PRODUCT_BUNDLE_IDENTIFIER = damian.wlodarczyk.FlowLayoutLearningUITests;
				PRODUCT_NAME = "$(TARGET_NAME)";
				SWIFT_VERSION = 4.2;
				TARGETED_DEVICE_FAMILY = "1,2";
				TEST_TARGET_NAME = FlowLayoutLearning;
			};
			name = Release;
		};
/* End XCBuildConfiguration section */

/* Begin XCConfigurationList section */
		3D42B1962171FAA400985B20 /* Build configuration list for PBXProject "FlowLayoutLearning" */ = {
			isa = XCConfigurationList;
			buildConfigurations = (
				3D42B1C12171FAA600985B20 /* Debug */,
				3D42B1C22171FAA600985B20 /* Release */,
			);
			defaultConfigurationIsVisible = 0;
			defaultConfigurationName = Release;
		};
		3D42B1C32171FAA600985B20 /* Build configuration list for PBXNativeTarget "FlowLayoutLearning" */ = {
			isa = XCConfigurationList;
			buildConfigurations = (
				3D42B1C42171FAA600985B20 /* Debug */,
				3D42B1C52171FAA600985B20 /* Release */,
			);
			defaultConfigurationIsVisible = 0;
			defaultConfigurationName = Release;
		};
		3D42B1C62171FAA600985B20 /* Build configuration list for PBXNativeTarget "FlowLayoutLearningTests" */ = {
			isa = XCConfigurationList;
			buildConfigurations = (
				3D42B1C72171FAA600985B20 /* Debug */,
				3D42B1C82171FAA600985B20 /* Release */,
			);
			defaultConfigurationIsVisible = 0;
			defaultConfigurationName = Release;
		};
		3D42B1C92171FAA600985B20 /* Build configuration list for PBXNativeTarget "FlowLayoutLearningUITests" */ = {
			isa = XCConfigurationList;
			buildConfigurations = (
				3D42B1CA2171FAA600985B20 /* Debug */,
				3D42B1CB2171FAA600985B20 /* Release */,
			);
			defaultConfigurationIsVisible = 0;
			defaultConfigurationName = Release;
		};
/* End XCConfigurationList section */
	};
	rootObject = 3D42B1932171FAA400985B20 /* Project object */;
}
